// !$*UTF8*$!
{
	archiveVersion = 1;
	classes = {
	};
	objectVersion = 50;
	objects = {

/* Begin PBXBuildFile section */
		B92F1E3023E40A490054A9A6 /* AppDelegate.m in Sources */ = {isa = PBXBuildFile; fileRef = B92F1E2F23E40A490054A9A6 /* AppDelegate.m */; };
		B92F1E3323E40A490054A9A6 /* ViewController.m in Sources */ = {isa = PBXBuildFile; fileRef = B92F1E3223E40A490054A9A6 /* ViewController.m */; };
		B92F1E3623E40A490054A9A6 /* Main.storyboard in Resources */ = {isa = PBXBuildFile; fileRef = B92F1E3423E40A490054A9A6 /* Main.storyboard */; };
		B92F1E3823E40A4B0054A9A6 /* Assets.xcassets in Resources */ = {isa = PBXBuildFile; fileRef = B92F1E3723E40A4B0054A9A6 /* Assets.xcassets */; };
		B92F1E3B23E40A4B0054A9A6 /* LaunchScreen.storyboard in Resources */ = {isa = PBXBuildFile; fileRef = B92F1E3923E40A4B0054A9A6 /* LaunchScreen.storyboard */; };
		B92F1E3E23E40A4B0054A9A6 /* main.m in Sources */ = {isa = PBXBuildFile; fileRef = B92F1E3D23E40A4B0054A9A6 /* main.m */; };
		B92F1E4823E40A4B0054A9A6 /* CoreAnimationTests.m in Sources */ = {isa = PBXBuildFile; fileRef = B92F1E4723E40A4B0054A9A6 /* CoreAnimationTests.m */; };
		B92F1E5323E40A4B0054A9A6 /* CoreAnimationUITests.m in Sources */ = {isa = PBXBuildFile; fileRef = B92F1E5223E40A4B0054A9A6 /* CoreAnimationUITests.m */; };
		B92F1E6223E45B680054A9A6 /* KGWGenerateBasicAnimation.m in Sources */ = {isa = PBXBuildFile; fileRef = B92F1E6123E45B680054A9A6 /* KGWGenerateBasicAnimation.m */; };
		B946AA3123E5C3F400A2BBB2 /* KGWMoveViewController.m in Sources */ = {isa = PBXBuildFile; fileRef = B946AA3023E5C3F400A2BBB2 /* KGWMoveViewController.m */; };
		B946AA3423E5C3FC00A2BBB2 /* KGWRotationViewController.m in Sources */ = {isa = PBXBuildFile; fileRef = B946AA3323E5C3FC00A2BBB2 /* KGWRotationViewController.m */; };
		B946AA3723E5C40C00A2BBB2 /* KGWScaleViewController.m in Sources */ = {isa = PBXBuildFile; fileRef = B946AA3623E5C40C00A2BBB2 /* KGWScaleViewController.m */; };
		B946AA3A23E5C41700A2BBB2 /* KGWOpacityViewController.m in Sources */ = {isa = PBXBuildFile; fileRef = B946AA3923E5C41700A2BBB2 /* KGWOpacityViewController.m */; };
		B946AA3D23E5C42500A2BBB2 /* KGWBackgroundColorViewController.m in Sources */ = {isa = PBXBuildFile; fileRef = B946AA3C23E5C42500A2BBB2 /* KGWBackgroundColorViewController.m */; };
		B946AA4223E7217100A2BBB2 /* KGWGenerateKeyframeAnimation.m in Sources */ = {isa = PBXBuildFile; fileRef = B946AA4123E7217100A2BBB2 /* KGWGenerateKeyframeAnimation.m */; };
		B946AA4523E7245A00A2BBB2 /* KGWKeyframeValuesViewController.m in Sources */ = {isa = PBXBuildFile; fileRef = B946AA4423E7245A00A2BBB2 /* KGWKeyframeValuesViewController.m */; };
		B946AA4823E7E91C00A2BBB2 /* KGWKeyframePathViewController.m in Sources */ = {isa = PBXBuildFile; fileRef = B946AA4723E7E91C00A2BBB2 /* KGWKeyframePathViewController.m */; };
		B946AA4B23E7EB9700A2BBB2 /* KGWShakeViewController.m in Sources */ = {isa = PBXBuildFile; fileRef = B946AA4A23E7EB9700A2BBB2 /* KGWShakeViewController.m */; };
		B946AA4F23E7EE3900A2BBB2 /* KGWSameTimeAnimationViewController.m in Sources */ = {isa = PBXBuildFile; fileRef = B946AA4E23E7EE3900A2BBB2 /* KGWSameTimeAnimationViewController.m */; };
		B946AA5223E7EE9200A2BBB2 /* KGWAnimationGroup.m in Sources */ = {isa = PBXBuildFile; fileRef = B946AA5123E7EE9200A2BBB2 /* KGWAnimationGroup.m */; };
		B946AA5523E7F47E00A2BBB2 /* KGWKGWContinuousAnimationViewController.m in Sources */ = {isa = PBXBuildFile; fileRef = B946AA5423E7F47E00A2BBB2 /* KGWKGWContinuousAnimationViewController.m */; };
		B946AA5923E7FDCD00A2BBB2 /* KGWTransitionAnimation.m in Sources */ = {isa = PBXBuildFile; fileRef = B946AA5823E7FDCD00A2BBB2 /* KGWTransitionAnimation.m */; };
		B946AA5C23E7FF0100A2BBB2 /* KGWTransitionViewController.m in Sources */ = {isa = PBXBuildFile; fileRef = B946AA5B23E7FF0100A2BBB2 /* KGWTransitionViewController.m */; };
		B946AA6023E83F9400A2BBB2 /* KGWEmitterRedPacketViewController.m in Sources */ = {isa = PBXBuildFile; fileRef = B946AA5F23E83F9400A2BBB2 /* KGWEmitterRedPacketViewController.m */; };
		B946AA6323E83FA700A2BBB2 /* KGWDouyinBlastViewController.m in Sources */ = {isa = PBXBuildFile; fileRef = B946AA6223E83FA700A2BBB2 /* KGWDouyinBlastViewController.m */; };
		B946AA6623E8403700A2BBB2 /* KGWEmitterAnimation.m in Sources */ = {isa = PBXBuildFile; fileRef = B946AA6523E8403700A2BBB2 /* KGWEmitterAnimation.m */; };
		B946AA6923E844A900A2BBB2 /* KGWDouYinThumbButton.m in Sources */ = {isa = PBXBuildFile; fileRef = B946AA6823E844A900A2BBB2 /* KGWDouYinThumbButton.m */; };
/* End PBXBuildFile section */

/* Begin PBXContainerItemProxy section */
		B92F1E4423E40A4B0054A9A6 /* PBXContainerItemProxy */ = {
			isa = PBXContainerItemProxy;
			containerPortal = B92F1E2323E40A490054A9A6 /* Project object */;
			proxyType = 1;
			remoteGlobalIDString = B92F1E2A23E40A490054A9A6;
			remoteInfo = CoreAnimation;
		};
		B92F1E4F23E40A4B0054A9A6 /* PBXContainerItemProxy */ = {
			isa = PBXContainerItemProxy;
			containerPortal = B92F1E2323E40A490054A9A6 /* Project object */;
			proxyType = 1;
			remoteGlobalIDString = B92F1E2A23E40A490054A9A6;
			remoteInfo = CoreAnimation;
		};
/* End PBXContainerItemProxy section */

/* Begin PBXFileReference section */
		B92F1E2B23E40A490054A9A6 /* CoreAnimation.app */ = {isa = PBXFileReference; explicitFileType = wrapper.application; includeInIndex = 0; path = CoreAnimation.app; sourceTree = BUILT_PRODUCTS_DIR; };
		B92F1E2E23E40A490054A9A6 /* AppDelegate.h */ = {isa = PBXFileReference; lastKnownFileType = sourcecode.c.h; path = AppDelegate.h; sourceTree = "<group>"; };
		B92F1E2F23E40A490054A9A6 /* AppDelegate.m */ = {isa = PBXFileReference; lastKnownFileType = sourcecode.c.objc; path = AppDelegate.m; sourceTree = "<group>"; };
		B92F1E3123E40A490054A9A6 /* ViewController.h */ = {isa = PBXFileReference; lastKnownFileType = sourcecode.c.h; path = ViewController.h; sourceTree = "<group>"; };
		B92F1E3223E40A490054A9A6 /* ViewController.m */ = {isa = PBXFileReference; lastKnownFileType = sourcecode.c.objc; path = ViewController.m; sourceTree = "<group>"; };
		B92F1E3523E40A490054A9A6 /* Base */ = {isa = PBXFileReference; lastKnownFileType = file.storyboard; name = Base; path = Base.lproj/Main.storyboard; sourceTree = "<group>"; };
		B92F1E3723E40A4B0054A9A6 /* Assets.xcassets */ = {isa = PBXFileReference; lastKnownFileType = folder.assetcatalog; path = Assets.xcassets; sourceTree = "<group>"; };
		B92F1E3A23E40A4B0054A9A6 /* Base */ = {isa = PBXFileReference; lastKnownFileType = file.storyboard; name = Base; path = Base.lproj/LaunchScreen.storyboard; sourceTree = "<group>"; };
		B92F1E3C23E40A4B0054A9A6 /* Info.plist */ = {isa = PBXFileReference; lastKnownFileType = text.plist.xml; path = Info.plist; sourceTree = "<group>"; };
		B92F1E3D23E40A4B0054A9A6 /* main.m */ = {isa = PBXFileReference; lastKnownFileType = sourcecode.c.objc; path = main.m; sourceTree = "<group>"; };
		B92F1E4323E40A4B0054A9A6 /* CoreAnimationTests.xctest */ = {isa = PBXFileReference; explicitFileType = wrapper.cfbundle; includeInIndex = 0; path = CoreAnimationTests.xctest; sourceTree = BUILT_PRODUCTS_DIR; };
		B92F1E4723E40A4B0054A9A6 /* CoreAnimationTests.m */ = {isa = PBXFileReference; lastKnownFileType = sourcecode.c.objc; path = CoreAnimationTests.m; sourceTree = "<group>"; };
		B92F1E4923E40A4B0054A9A6 /* Info.plist */ = {isa = PBXFileReference; lastKnownFileType = text.plist.xml; path = Info.plist; sourceTree = "<group>"; };
		B92F1E4E23E40A4B0054A9A6 /* CoreAnimationUITests.xctest */ = {isa = PBXFileReference; explicitFileType = wrapper.cfbundle; includeInIndex = 0; path = CoreAnimationUITests.xctest; sourceTree = BUILT_PRODUCTS_DIR; };
		B92F1E5223E40A4B0054A9A6 /* CoreAnimationUITests.m */ = {isa = PBXFileReference; lastKnownFileType = sourcecode.c.objc; path = CoreAnimationUITests.m; sourceTree = "<group>"; };
		B92F1E5423E40A4B0054A9A6 /* Info.plist */ = {isa = PBXFileReference; lastKnownFileType = text.plist.xml; path = Info.plist; sourceTree = "<group>"; };
		B92F1E6023E45B680054A9A6 /* KGWGenerateBasicAnimation.h */ = {isa = PBXFileReference; lastKnownFileType = sourcecode.c.h; path = KGWGenerateBasicAnimation.h; sourceTree = "<group>"; };
		B92F1E6123E45B680054A9A6 /* KGWGenerateBasicAnimation.m */ = {isa = PBXFileReference; lastKnownFileType = sourcecode.c.objc; path = KGWGenerateBasicAnimation.m; sourceTree = "<group>"; };
		B946AA2F23E5C3F400A2BBB2 /* KGWMoveViewController.h */ = {isa = PBXFileReference; lastKnownFileType = sourcecode.c.h; path = KGWMoveViewController.h; sourceTree = "<group>"; };
		B946AA3023E5C3F400A2BBB2 /* KGWMoveViewController.m */ = {isa = PBXFileReference; lastKnownFileType = sourcecode.c.objc; path = KGWMoveViewController.m; sourceTree = "<group>"; };
		B946AA3223E5C3FC00A2BBB2 /* KGWRotationViewController.h */ = {isa = PBXFileReference; lastKnownFileType = sourcecode.c.h; path = KGWRotationViewController.h; sourceTree = "<group>"; };
		B946AA3323E5C3FC00A2BBB2 /* KGWRotationViewController.m */ = {isa = PBXFileReference; lastKnownFileType = sourcecode.c.objc; path = KGWRotationViewController.m; sourceTree = "<group>"; };
		B946AA3523E5C40C00A2BBB2 /* KGWScaleViewController.h */ = {isa = PBXFileReference; lastKnownFileType = sourcecode.c.h; path = KGWScaleViewController.h; sourceTree = "<group>"; };
		B946AA3623E5C40C00A2BBB2 /* KGWScaleViewController.m */ = {isa = PBXFileReference; lastKnownFileType = sourcecode.c.objc; path = KGWScaleViewController.m; sourceTree = "<group>"; };
		B946AA3823E5C41700A2BBB2 /* KGWOpacityViewController.h */ = {isa = PBXFileReference; lastKnownFileType = sourcecode.c.h; path = KGWOpacityViewController.h; sourceTree = "<group>"; };
		B946AA3923E5C41700A2BBB2 /* KGWOpacityViewController.m */ = {isa = PBXFileReference; lastKnownFileType = sourcecode.c.objc; path = KGWOpacityViewController.m; sourceTree = "<group>"; };
		B946AA3B23E5C42500A2BBB2 /* KGWBackgroundColorViewController.h */ = {isa = PBXFileReference; lastKnownFileType = sourcecode.c.h; path = KGWBackgroundColorViewController.h; sourceTree = "<group>"; };
		B946AA3C23E5C42500A2BBB2 /* KGWBackgroundColorViewController.m */ = {isa = PBXFileReference; lastKnownFileType = sourcecode.c.objc; path = KGWBackgroundColorViewController.m; sourceTree = "<group>"; };
		B946AA4023E7217100A2BBB2 /* KGWGenerateKeyframeAnimation.h */ = {isa = PBXFileReference; lastKnownFileType = sourcecode.c.h; path = KGWGenerateKeyframeAnimation.h; sourceTree = "<group>"; };
		B946AA4123E7217100A2BBB2 /* KGWGenerateKeyframeAnimation.m */ = {isa = PBXFileReference; lastKnownFileType = sourcecode.c.objc; path = KGWGenerateKeyframeAnimation.m; sourceTree = "<group>"; };
		B946AA4323E7245A00A2BBB2 /* KGWKeyframeValuesViewController.h */ = {isa = PBXFileReference; lastKnownFileType = sourcecode.c.h; path = KGWKeyframeValuesViewController.h; sourceTree = "<group>"; };
		B946AA4423E7245A00A2BBB2 /* KGWKeyframeValuesViewController.m */ = {isa = PBXFileReference; lastKnownFileType = sourcecode.c.objc; path = KGWKeyframeValuesViewController.m; sourceTree = "<group>"; };
		B946AA4623E7E91B00A2BBB2 /* KGWKeyframePathViewController.h */ = {isa = PBXFileReference; lastKnownFileType = sourcecode.c.h; path = KGWKeyframePathViewController.h; sourceTree = "<group>"; };
		B946AA4723E7E91C00A2BBB2 /* KGWKeyframePathViewController.m */ = {isa = PBXFileReference; lastKnownFileType = sourcecode.c.objc; path = KGWKeyframePathViewController.m; sourceTree = "<group>"; };
		B946AA4923E7EB9700A2BBB2 /* KGWShakeViewController.h */ = {isa = PBXFileReference; lastKnownFileType = sourcecode.c.h; path = KGWShakeViewController.h; sourceTree = "<group>"; };
		B946AA4A23E7EB9700A2BBB2 /* KGWShakeViewController.m */ = {isa = PBXFileReference; lastKnownFileType = sourcecode.c.objc; path = KGWShakeViewController.m; sourceTree = "<group>"; };
		B946AA4D23E7EE3900A2BBB2 /* KGWSameTimeAnimationViewController.h */ = {isa = PBXFileReference; lastKnownFileType = sourcecode.c.h; path = KGWSameTimeAnimationViewController.h; sourceTree = "<group>"; };
		B946AA4E23E7EE3900A2BBB2 /* KGWSameTimeAnimationViewController.m */ = {isa = PBXFileReference; lastKnownFileType = sourcecode.c.objc; path = KGWSameTimeAnimationViewController.m; sourceTree = "<group>"; };
		B946AA5023E7EE9200A2BBB2 /* KGWAnimationGroup.h */ = {isa = PBXFileReference; lastKnownFileType = sourcecode.c.h; path = KGWAnimationGroup.h; sourceTree = "<group>"; };
		B946AA5123E7EE9200A2BBB2 /* KGWAnimationGroup.m */ = {isa = PBXFileReference; lastKnownFileType = sourcecode.c.objc; path = KGWAnimationGroup.m; sourceTree = "<group>"; };
		B946AA5323E7F47E00A2BBB2 /* KGWKGWContinuousAnimationViewController.h */ = {isa = PBXFileReference; lastKnownFileType = sourcecode.c.h; path = KGWKGWContinuousAnimationViewController.h; sourceTree = "<group>"; };
		B946AA5423E7F47E00A2BBB2 /* KGWKGWContinuousAnimationViewController.m */ = {isa = PBXFileReference; lastKnownFileType = sourcecode.c.objc; path = KGWKGWContinuousAnimationViewController.m; sourceTree = "<group>"; };
		B946AA5723E7FDCD00A2BBB2 /* KGWTransitionAnimation.h */ = {isa = PBXFileReference; lastKnownFileType = sourcecode.c.h; path = KGWTransitionAnimation.h; sourceTree = "<group>"; };
		B946AA5823E7FDCD00A2BBB2 /* KGWTransitionAnimation.m */ = {isa = PBXFileReference; lastKnownFileType = sourcecode.c.objc; path = KGWTransitionAnimation.m; sourceTree = "<group>"; };
		B946AA5A23E7FF0100A2BBB2 /* KGWTransitionViewController.h */ = {isa = PBXFileReference; lastKnownFileType = sourcecode.c.h; path = KGWTransitionViewController.h; sourceTree = "<group>"; };
		B946AA5B23E7FF0100A2BBB2 /* KGWTransitionViewController.m */ = {isa = PBXFileReference; lastKnownFileType = sourcecode.c.objc; path = KGWTransitionViewController.m; sourceTree = "<group>"; };
		B946AA5E23E83F9400A2BBB2 /* KGWEmitterRedPacketViewController.h */ = {isa = PBXFileReference; lastKnownFileType = sourcecode.c.h; path = KGWEmitterRedPacketViewController.h; sourceTree = "<group>"; };
		B946AA5F23E83F9400A2BBB2 /* KGWEmitterRedPacketViewController.m */ = {isa = PBXFileReference; lastKnownFileType = sourcecode.c.objc; path = KGWEmitterRedPacketViewController.m; sourceTree = "<group>"; };
		B946AA6123E83FA700A2BBB2 /* KGWDouyinBlastViewController.h */ = {isa = PBXFileReference; lastKnownFileType = sourcecode.c.h; path = KGWDouyinBlastViewController.h; sourceTree = "<group>"; };
		B946AA6223E83FA700A2BBB2 /* KGWDouyinBlastViewController.m */ = {isa = PBXFileReference; lastKnownFileType = sourcecode.c.objc; path = KGWDouyinBlastViewController.m; sourceTree = "<group>"; };
		B946AA6423E8403700A2BBB2 /* KGWEmitterAnimation.h */ = {isa = PBXFileReference; lastKnownFileType = sourcecode.c.h; path = KGWEmitterAnimation.h; sourceTree = "<group>"; };
		B946AA6523E8403700A2BBB2 /* KGWEmitterAnimation.m */ = {isa = PBXFileReference; lastKnownFileType = sourcecode.c.objc; path = KGWEmitterAnimation.m; sourceTree = "<group>"; };
		B946AA6723E844A900A2BBB2 /* KGWDouYinThumbButton.h */ = {isa = PBXFileReference; lastKnownFileType = sourcecode.c.h; path = KGWDouYinThumbButton.h; sourceTree = "<group>"; };
		B946AA6823E844A900A2BBB2 /* KGWDouYinThumbButton.m */ = {isa = PBXFileReference; lastKnownFileType = sourcecode.c.objc; path = KGWDouYinThumbButton.m; sourceTree = "<group>"; };
/* End PBXFileReference section */

/* Begin PBXFrameworksBuildPhase section */
		B92F1E2823E40A490054A9A6 /* Frameworks */ = {
			isa = PBXFrameworksBuildPhase;
			buildActionMask = 2147483647;
			files = (
			);
			runOnlyForDeploymentPostprocessing = 0;
		};
		B92F1E4023E40A4B0054A9A6 /* Frameworks */ = {
			isa = PBXFrameworksBuildPhase;
			buildActionMask = 2147483647;
			files = (
			);
			runOnlyForDeploymentPostprocessing = 0;
		};
		B92F1E4B23E40A4B0054A9A6 /* Frameworks */ = {
			isa = PBXFrameworksBuildPhase;
			buildActionMask = 2147483647;
			files = (
			);
			runOnlyForDeploymentPostprocessing = 0;
		};
/* End PBXFrameworksBuildPhase section */

/* Begin PBXGroup section */
		B92F1E2223E40A490054A9A6 = {
			isa = PBXGroup;
			children = (
				B92F1E2D23E40A490054A9A6 /* CoreAnimation */,
				B92F1E4623E40A4B0054A9A6 /* CoreAnimationTests */,
				B92F1E5123E40A4B0054A9A6 /* CoreAnimationUITests */,
				B92F1E2C23E40A490054A9A6 /* Products */,
			);
			sourceTree = "<group>";
		};
		B92F1E2C23E40A490054A9A6 /* Products */ = {
			isa = PBXGroup;
			children = (
				B92F1E2B23E40A490054A9A6 /* CoreAnimation.app */,
				B92F1E4323E40A4B0054A9A6 /* CoreAnimationTests.xctest */,
				B92F1E4E23E40A4B0054A9A6 /* CoreAnimationUITests.xctest */,
			);
			name = Products;
			sourceTree = "<group>";
		};
		B92F1E2D23E40A490054A9A6 /* CoreAnimation */ = {
			isa = PBXGroup;
			children = (
				B92F1E2E23E40A490054A9A6 /* AppDelegate.h */,
				B92F1E2F23E40A490054A9A6 /* AppDelegate.m */,
				B92F1E3123E40A490054A9A6 /* ViewController.h */,
				B92F1E3223E40A490054A9A6 /* ViewController.m */,
				B946AA3E23E5C43000A2BBB2 /* BasicAnimation */,
				B946AA3F23E71E1200A2BBB2 /* KeyframeAnimation */,
				B946AA4C23E7EDFE00A2BBB2 /* AnimationGroup */,
				B946AA5623E7FD3E00A2BBB2 /* TransitionAnimation */,
				B92F1E3423E40A490054A9A6 /* Main.storyboard */,
				B946AA5D23E83F6000A2BBB2 /* EmitterAnimation */,
				B92F1E3723E40A4B0054A9A6 /* Assets.xcassets */,
				B92F1E3923E40A4B0054A9A6 /* LaunchScreen.storyboard */,
				B92F1E3C23E40A4B0054A9A6 /* Info.plist */,
				B92F1E3D23E40A4B0054A9A6 /* main.m */,
			);
			path = CoreAnimation;
			sourceTree = "<group>";
		};
		B92F1E4623E40A4B0054A9A6 /* CoreAnimationTests */ = {
			isa = PBXGroup;
			children = (
				B92F1E4723E40A4B0054A9A6 /* CoreAnimationTests.m */,
				B92F1E4923E40A4B0054A9A6 /* Info.plist */,
			);
			path = CoreAnimationTests;
			sourceTree = "<group>";
		};
		B92F1E5123E40A4B0054A9A6 /* CoreAnimationUITests */ = {
			isa = PBXGroup;
			children = (
				B92F1E5223E40A4B0054A9A6 /* CoreAnimationUITests.m */,
				B92F1E5423E40A4B0054A9A6 /* Info.plist */,
			);
			path = CoreAnimationUITests;
			sourceTree = "<group>";
		};
		B946AA3E23E5C43000A2BBB2 /* BasicAnimation */ = {
			isa = PBXGroup;
			children = (
				B946AA2F23E5C3F400A2BBB2 /* KGWMoveViewController.h */,
				B946AA3023E5C3F400A2BBB2 /* KGWMoveViewController.m */,
				B946AA3223E5C3FC00A2BBB2 /* KGWRotationViewController.h */,
				B946AA3323E5C3FC00A2BBB2 /* KGWRotationViewController.m */,
				B946AA3523E5C40C00A2BBB2 /* KGWScaleViewController.h */,
				B946AA3623E5C40C00A2BBB2 /* KGWScaleViewController.m */,
				B946AA3823E5C41700A2BBB2 /* KGWOpacityViewController.h */,
				B946AA3923E5C41700A2BBB2 /* KGWOpacityViewController.m */,
				B946AA3B23E5C42500A2BBB2 /* KGWBackgroundColorViewController.h */,
				B946AA3C23E5C42500A2BBB2 /* KGWBackgroundColorViewController.m */,
				B92F1E6023E45B680054A9A6 /* KGWGenerateBasicAnimation.h */,
				B92F1E6123E45B680054A9A6 /* KGWGenerateBasicAnimation.m */,
			);
			path = BasicAnimation;
			sourceTree = "<group>";
		};
		B946AA3F23E71E1200A2BBB2 /* KeyframeAnimation */ = {
			isa = PBXGroup;
			children = (
				B946AA4023E7217100A2BBB2 /* KGWGenerateKeyframeAnimation.h */,
				B946AA4123E7217100A2BBB2 /* KGWGenerateKeyframeAnimation.m */,
				B946AA4323E7245A00A2BBB2 /* KGWKeyframeValuesViewController.h */,
				B946AA4423E7245A00A2BBB2 /* KGWKeyframeValuesViewController.m */,
				B946AA4623E7E91B00A2BBB2 /* KGWKeyframePathViewController.h */,
				B946AA4723E7E91C00A2BBB2 /* KGWKeyframePathViewController.m */,
				B946AA4923E7EB9700A2BBB2 /* KGWShakeViewController.h */,
				B946AA4A23E7EB9700A2BBB2 /* KGWShakeViewController.m */,
			);
			path = KeyframeAnimation;
			sourceTree = "<group>";
		};
		B946AA4C23E7EDFE00A2BBB2 /* AnimationGroup */ = {
			isa = PBXGroup;
			children = (
				B946AA4D23E7EE3900A2BBB2 /* KGWSameTimeAnimationViewController.h */,
				B946AA4E23E7EE3900A2BBB2 /* KGWSameTimeAnimationViewController.m */,
				B946AA5323E7F47E00A2BBB2 /* KGWKGWContinuousAnimationViewController.h */,
				B946AA5423E7F47E00A2BBB2 /* KGWKGWContinuousAnimationViewController.m */,
				B946AA5023E7EE9200A2BBB2 /* KGWAnimationGroup.h */,
				B946AA5123E7EE9200A2BBB2 /* KGWAnimationGroup.m */,
			);
			path = AnimationGroup;
			sourceTree = "<group>";
		};
		B946AA5623E7FD3E00A2BBB2 /* TransitionAnimation */ = {
			isa = PBXGroup;
			children = (
				B946AA5723E7FDCD00A2BBB2 /* KGWTransitionAnimation.h */,
				B946AA5823E7FDCD00A2BBB2 /* KGWTransitionAnimation.m */,
				B946AA5A23E7FF0100A2BBB2 /* KGWTransitionViewController.h */,
				B946AA5B23E7FF0100A2BBB2 /* KGWTransitionViewController.m */,
			);
			path = TransitionAnimation;
			sourceTree = "<group>";
		};
		B946AA5D23E83F6000A2BBB2 /* EmitterAnimation */ = {
			isa = PBXGroup;
			children = (
				B946AA5E23E83F9400A2BBB2 /* KGWEmitterRedPacketViewController.h */,
				B946AA5F23E83F9400A2BBB2 /* KGWEmitterRedPacketViewController.m */,
				B946AA6123E83FA700A2BBB2 /* KGWDouyinBlastViewController.h */,
				B946AA6223E83FA700A2BBB2 /* KGWDouyinBlastViewController.m */,
				B946AA6423E8403700A2BBB2 /* KGWEmitterAnimation.h */,
				B946AA6523E8403700A2BBB2 /* KGWEmitterAnimation.m */,
				B946AA6723E844A900A2BBB2 /* KGWDouYinThumbButton.h */,
				B946AA6823E844A900A2BBB2 /* KGWDouYinThumbButton.m */,
			);
			path = EmitterAnimation;
			sourceTree = "<group>";
		};
/* End PBXGroup section */

/* Begin PBXNativeTarget section */
		B92F1E2A23E40A490054A9A6 /* CoreAnimation */ = {
			isa = PBXNativeTarget;
			buildConfigurationList = B92F1E5723E40A4B0054A9A6 /* Build configuration list for PBXNativeTarget "CoreAnimation" */;
			buildPhases = (
				B92F1E2723E40A490054A9A6 /* Sources */,
				B92F1E2823E40A490054A9A6 /* Frameworks */,
				B92F1E2923E40A490054A9A6 /* Resources */,
			);
			buildRules = (
			);
			dependencies = (
			);
			name = CoreAnimation;
			productName = CoreAnimation;
			productReference = B92F1E2B23E40A490054A9A6 /* CoreAnimation.app */;
			productType = "com.apple.product-type.application";
		};
		B92F1E4223E40A4B0054A9A6 /* CoreAnimationTests */ = {
			isa = PBXNativeTarget;
			buildConfigurationList = B92F1E5A23E40A4B0054A9A6 /* Build configuration list for PBXNativeTarget "CoreAnimationTests" */;
			buildPhases = (
				B92F1E3F23E40A4B0054A9A6 /* Sources */,
				B92F1E4023E40A4B0054A9A6 /* Frameworks */,
				B92F1E4123E40A4B0054A9A6 /* Resources */,
			);
			buildRules = (
			);
			dependencies = (
				B92F1E4523E40A4B0054A9A6 /* PBXTargetDependency */,
			);
			name = CoreAnimationTests;
			productName = CoreAnimationTests;
			productReference = B92F1E4323E40A4B0054A9A6 /* CoreAnimationTests.xctest */;
			productType = "com.apple.product-type.bundle.unit-test";
		};
		B92F1E4D23E40A4B0054A9A6 /* CoreAnimationUITests */ = {
			isa = PBXNativeTarget;
			buildConfigurationList = B92F1E5D23E40A4B0054A9A6 /* Build configuration list for PBXNativeTarget "CoreAnimationUITests" */;
			buildPhases = (
				B92F1E4A23E40A4B0054A9A6 /* Sources */,
				B92F1E4B23E40A4B0054A9A6 /* Frameworks */,
				B92F1E4C23E40A4B0054A9A6 /* Resources */,
			);
			buildRules = (
			);
			dependencies = (
				B92F1E5023E40A4B0054A9A6 /* PBXTargetDependency */,
			);
			name = CoreAnimationUITests;
			productName = CoreAnimationUITests;
			productReference = B92F1E4E23E40A4B0054A9A6 /* CoreAnimationUITests.xctest */;
			productType = "com.apple.product-type.bundle.ui-testing";
		};
/* End PBXNativeTarget section */

/* Begin PBXProject section */
		B92F1E2323E40A490054A9A6 /* Project object */ = {
			isa = PBXProject;
			attributes = {
				CLASSPREFIX = KGW;
				LastUpgradeCheck = 0940;
				ORGANIZATIONNAME = "junjian_h@163.com";
				TargetAttributes = {
					B92F1E2A23E40A490054A9A6 = {
						CreatedOnToolsVersion = 9.4.1;
					};
					B92F1E4223E40A4B0054A9A6 = {
						CreatedOnToolsVersion = 9.4.1;
						TestTargetID = B92F1E2A23E40A490054A9A6;
					};
					B92F1E4D23E40A4B0054A9A6 = {
						CreatedOnToolsVersion = 9.4.1;
						TestTargetID = B92F1E2A23E40A490054A9A6;
					};
				};
			};
			buildConfigurationList = B92F1E2623E40A490054A9A6 /* Build configuration list for PBXProject "CoreAnimation" */;
			compatibilityVersion = "Xcode 9.3";
			developmentRegion = en;
			hasScannedForEncodings = 0;
			knownRegions = (
				en,
				Base,
			);
			mainGroup = B92F1E2223E40A490054A9A6;
			productRefGroup = B92F1E2C23E40A490054A9A6 /* Products */;
			projectDirPath = "";
			projectRoot = "";
			targets = (
				B92F1E2A23E40A490054A9A6 /* CoreAnimation */,
				B92F1E4223E40A4B0054A9A6 /* CoreAnimationTests */,
				B92F1E4D23E40A4B0054A9A6 /* CoreAnimationUITests */,
			);
		};
/* End PBXProject section */

/* Begin PBXResourcesBuildPhase section */
		B92F1E2923E40A490054A9A6 /* Resources */ = {
			isa = PBXResourcesBuildPhase;
			buildActionMask = 2147483647;
			files = (
				B92F1E3B23E40A4B0054A9A6 /* LaunchScreen.storyboard in Resources */,
				B92F1E3823E40A4B0054A9A6 /* Assets.xcassets in Resources */,
				B92F1E3623E40A490054A9A6 /* Main.storyboard in Resources */,
			);
			runOnlyForDeploymentPostprocessing = 0;
		};
		B92F1E4123E40A4B0054A9A6 /* Resources */ = {
			isa = PBXResourcesBuildPhase;
			buildActionMask = 2147483647;
			files = (
			);
			runOnlyForDeploymentPostprocessing = 0;
		};
		B92F1E4C23E40A4B0054A9A6 /* Resources */ = {
			isa = PBXResourcesBuildPhase;
			buildActionMask = 2147483647;
			files = (
			);
			runOnlyForDeploymentPostprocessing = 0;
		};
/* End PBXResourcesBuildPhase section */

/* Begin PBXSourcesBuildPhase section */
		B92F1E2723E40A490054A9A6 /* Sources */ = {
			isa = PBXSourcesBuildPhase;
			buildActionMask = 2147483647;
			files = (
				B946AA6923E844A900A2BBB2 /* KGWDouYinThumbButton.m in Sources */,
				B946AA5923E7FDCD00A2BBB2 /* KGWTransitionAnimation.m in Sources */,
				B946AA5C23E7FF0100A2BBB2 /* KGWTransitionViewController.m in Sources */,
				B946AA3423E5C3FC00A2BBB2 /* KGWRotationViewController.m in Sources */,
				B946AA6023E83F9400A2BBB2 /* KGWEmitterRedPacketViewController.m in Sources */,
				B946AA3D23E5C42500A2BBB2 /* KGWBackgroundColorViewController.m in Sources */,
				B946AA6623E8403700A2BBB2 /* KGWEmitterAnimation.m in Sources */,
				B946AA3123E5C3F400A2BBB2 /* KGWMoveViewController.m in Sources */,
				B946AA4823E7E91C00A2BBB2 /* KGWKeyframePathViewController.m in Sources */,
				B946AA4523E7245A00A2BBB2 /* KGWKeyframeValuesViewController.m in Sources */,
				B946AA3723E5C40C00A2BBB2 /* KGWScaleViewController.m in Sources */,
				B92F1E3323E40A490054A9A6 /* ViewController.m in Sources */,
				B92F1E6223E45B680054A9A6 /* KGWGenerateBasicAnimation.m in Sources */,
				B946AA4F23E7EE3900A2BBB2 /* KGWSameTimeAnimationViewController.m in Sources */,
				B92F1E3E23E40A4B0054A9A6 /* main.m in Sources */,
				B946AA4223E7217100A2BBB2 /* KGWGenerateKeyframeAnimation.m in Sources */,
				B946AA5223E7EE9200A2BBB2 /* KGWAnimationGroup.m in Sources */,
				B946AA5523E7F47E00A2BBB2 /* KGWKGWContinuousAnimationViewController.m in Sources */,
				B946AA3A23E5C41700A2BBB2 /* KGWOpacityViewController.m in Sources */,
				B946AA4B23E7EB9700A2BBB2 /* KGWShakeViewController.m in Sources */,
				B92F1E3023E40A490054A9A6 /* AppDelegate.m in Sources */,
				B946AA6323E83FA700A2BBB2 /* KGWDouyinBlastViewController.m in Sources */,
			);
			runOnlyForDeploymentPostprocessing = 0;
		};
		B92F1E3F23E40A4B0054A9A6 /* Sources */ = {
			isa = PBXSourcesBuildPhase;
			buildActionMask = 2147483647;
			files = (
				B92F1E4823E40A4B0054A9A6 /* CoreAnimationTests.m in Sources */,
			);
			runOnlyForDeploymentPostprocessing = 0;
		};
		B92F1E4A23E40A4B0054A9A6 /* Sources */ = {
			isa = PBXSourcesBuildPhase;
			buildActionMask = 2147483647;
			files = (
				B92F1E5323E40A4B0054A9A6 /* CoreAnimationUITests.m in Sources */,
			);
			runOnlyForDeploymentPostprocessing = 0;
		};
/* End PBXSourcesBuildPhase section */

/* Begin PBXTargetDependency section */
		B92F1E4523E40A4B0054A9A6 /* PBXTargetDependency */ = {
			isa = PBXTargetDependency;
			target = B92F1E2A23E40A490054A9A6 /* CoreAnimation */;
			targetProxy = B92F1E4423E40A4B0054A9A6 /* PBXContainerItemProxy */;
		};
		B92F1E5023E40A4B0054A9A6 /* PBXTargetDependency */ = {
			isa = PBXTargetDependency;
			target = B92F1E2A23E40A490054A9A6 /* CoreAnimation */;
			targetProxy = B92F1E4F23E40A4B0054A9A6 /* PBXContainerItemProxy */;
		};
/* End PBXTargetDependency section */

/* Begin PBXVariantGroup section */
		B92F1E3423E40A490054A9A6 /* Main.storyboard */ = {
			isa = PBXVariantGroup;
			children = (
				B92F1E3523E40A490054A9A6 /* Base */,
			);
			name = Main.storyboard;
			sourceTree = "<group>";
		};
		B92F1E3923E40A4B0054A9A6 /* LaunchScreen.storyboard */ = {
			isa = PBXVariantGroup;
			children = (
				B92F1E3A23E40A4B0054A9A6 /* Base */,
			);
			name = LaunchScreen.storyboard;
			sourceTree = "<group>";
		};
/* End PBXVariantGroup section */

/* Begin XCBuildConfiguration section */
		B92F1E5523E40A4B0054A9A6 /* Debug */ = {
			isa = XCBuildConfiguration;
			buildSettings = {
				ALWAYS_SEARCH_USER_PATHS = NO;
				CLANG_ANALYZER_NONNULL = YES;
				CLANG_ANALYZER_NUMBER_OBJECT_CONVERSION = YES_AGGRESSIVE;
				CLANG_CXX_LANGUAGE_STANDARD = "gnu++14";
				CLANG_CXX_LIBRARY = "libc++";
				CLANG_ENABLE_MODULES = YES;
				CLANG_ENABLE_OBJC_ARC = YES;
				CLANG_ENABLE_OBJC_WEAK = YES;
				CLANG_WARN_BLOCK_CAPTURE_AUTORELEASING = YES;
				CLANG_WARN_BOOL_CONVERSION = YES;
				CLANG_WARN_COMMA = YES;
				CLANG_WARN_CONSTANT_CONVERSION = YES;
				CLANG_WARN_DEPRECATED_OBJC_IMPLEMENTATIONS = YES;
				CLANG_WARN_DIRECT_OBJC_ISA_USAGE = YES_ERROR;
				CLANG_WARN_DOCUMENTATION_COMMENTS = YES;
				CLANG_WARN_EMPTY_BODY = YES;
				CLANG_WARN_ENUM_CONVERSION = YES;
				CLANG_WARN_INFINITE_RECURSION = YES;
				CLANG_WARN_INT_CONVERSION = YES;
				CLANG_WARN_NON_LITERAL_NULL_CONVERSION = YES;
				CLANG_WARN_OBJC_IMPLICIT_RETAIN_SELF = YES;
				CLANG_WARN_OBJC_LITERAL_CONVERSION = YES;
				CLANG_WARN_OBJC_ROOT_CLASS = YES_ERROR;
				CLANG_WARN_RANGE_LOOP_ANALYSIS = YES;
				CLANG_WARN_STRICT_PROTOTYPES = YES;
				CLANG_WARN_SUSPICIOUS_MOVE = YES;
				CLANG_WARN_UNGUARDED_AVAILABILITY = YES_AGGRESSIVE;
				CLANG_WARN_UNREACHABLE_CODE = YES;
				CLANG_WARN__DUPLICATE_METHOD_MATCH = YES;
				CODE_SIGN_IDENTITY = "iPhone Developer";
				COPY_PHASE_STRIP = NO;
				DEBUG_INFORMATION_FORMAT = dwarf;
				ENABLE_STRICT_OBJC_MSGSEND = YES;
				ENABLE_TESTABILITY = YES;
				GCC_C_LANGUAGE_STANDARD = gnu11;
				GCC_DYNAMIC_NO_PIC = NO;
				GCC_NO_COMMON_BLOCKS = YES;
				GCC_OPTIMIZATION_LEVEL = 0;
				GCC_PREPROCESSOR_DEFINITIONS = (
					"DEBUG=1",
					"$(inherited)",
				);
				GCC_WARN_64_TO_32_BIT_CONVERSION = YES;
				GCC_WARN_ABOUT_RETURN_TYPE = YES_ERROR;
				GCC_WARN_UNDECLARED_SELECTOR = YES;
				GCC_WARN_UNINITIALIZED_AUTOS = YES_AGGRESSIVE;
				GCC_WARN_UNUSED_FUNCTION = YES;
				GCC_WARN_UNUSED_VARIABLE = YES;
				IPHONEOS_DEPLOYMENT_TARGET = 11.4;
				MTL_ENABLE_DEBUG_INFO = YES;
				ONLY_ACTIVE_ARCH = YES;
				SDKROOT = iphoneos;
			};
			name = Debug;
		};
		B92F1E5623E40A4B0054A9A6 /* Release */ = {
			isa = XCBuildConfiguration;
			buildSettings = {
				ALWAYS_SEARCH_USER_PATHS = NO;
				CLANG_ANALYZER_NONNULL = YES;
				CLANG_ANALYZER_NUMBER_OBJECT_CONVERSION = YES_AGGRESSIVE;
				CLANG_CXX_LANGUAGE_STANDARD = "gnu++14";
				CLANG_CXX_LIBRARY = "libc++";
				CLANG_ENABLE_MODULES = YES;
				CLANG_ENABLE_OBJC_ARC = YES;
				CLANG_ENABLE_OBJC_WEAK = YES;
				CLANG_WARN_BLOCK_CAPTURE_AUTORELEASING = YES;
				CLANG_WARN_BOOL_CONVERSION = YES;
				CLANG_WARN_COMMA = YES;
				CLANG_WARN_CONSTANT_CONVERSION = YES;
				CLANG_WARN_DEPRECATED_OBJC_IMPLEMENTATIONS = YES;
				CLANG_WARN_DIRECT_OBJC_ISA_USAGE = YES_ERROR;
				CLANG_WARN_DOCUMENTATION_COMMENTS = YES;
				CLANG_WARN_EMPTY_BODY = YES;
				CLANG_WARN_ENUM_CONVERSION = YES;
				CLANG_WARN_INFINITE_RECURSION = YES;
				CLANG_WARN_INT_CONVERSION = YES;
				CLANG_WARN_NON_LITERAL_NULL_CONVERSION = YES;
				CLANG_WARN_OBJC_IMPLICIT_RETAIN_SELF = YES;
				CLANG_WARN_OBJC_LITERAL_CONVERSION = YES;
				CLANG_WARN_OBJC_ROOT_CLASS = YES_ERROR;
				CLANG_WARN_RANGE_LOOP_ANALYSIS = YES;
				CLANG_WARN_STRICT_PROTOTYPES = YES;
				CLANG_WARN_SUSPICIOUS_MOVE = YES;
				CLANG_WARN_UNGUARDED_AVAILABILITY = YES_AGGRESSIVE;
				CLANG_WARN_UNREACHABLE_CODE = YES;
				CLANG_WARN__DUPLICATE_METHOD_MATCH = YES;
				CODE_SIGN_IDENTITY = "iPhone Developer";
				COPY_PHASE_STRIP = NO;
				DEBUG_INFORMATION_FORMAT = "dwarf-with-dsym";
				ENABLE_NS_ASSERTIONS = NO;
				ENABLE_STRICT_OBJC_MSGSEND = YES;
				GCC_C_LANGUAGE_STANDARD = gnu11;
				GCC_NO_COMMON_BLOCKS = YES;
				GCC_WARN_64_TO_32_BIT_CONVERSION = YES;
				GCC_WARN_ABOUT_RETURN_TYPE = YES_ERROR;
				GCC_WARN_UNDECLARED_SELECTOR = YES;
				GCC_WARN_UNINITIALIZED_AUTOS = YES_AGGRESSIVE;
				GCC_WARN_UNUSED_FUNCTION = YES;
				GCC_WARN_UNUSED_VARIABLE = YES;
				IPHONEOS_DEPLOYMENT_TARGET = 11.4;
				MTL_ENABLE_DEBUG_INFO = NO;
				SDKROOT = iphoneos;
				VALIDATE_PRODUCT = YES;
			};
			name = Release;
		};
		B92F1E5823E40A4B0054A9A6 /* Debug */ = {
			isa = XCBuildConfiguration;
			buildSettings = {
				ASSETCATALOG_COMPILER_APPICON_NAME = AppIcon;
				CODE_SIGN_STYLE = Automatic;
				DEVELOPMENT_TEAM = "";
				INFOPLIST_FILE = CoreAnimation/Info.plist;
				LD_RUNPATH_SEARCH_PATHS = (
					"$(inherited)",
					"@executable_path/Frameworks",
				);
				PRODUCT_BUNDLE_IDENTIFIER = CoreAnimation.CoreAnimation;
				PRODUCT_NAME = "$(TARGET_NAME)";
				TARGETED_DEVICE_FAMILY = "1,2";
			};
			name = Debug;
		};
		B92F1E5923E40A4B0054A9A6 /* Release */ = {
			isa = XCBuildConfiguration;
			buildSettings = {
				ASSETCATALOG_COMPILER_APPICON_NAME = AppIcon;
				CODE_SIGN_STYLE = Automatic;
				DEVELOPMENT_TEAM = "";
				INFOPLIST_FILE = CoreAnimation/Info.plist;
				LD_RUNPATH_SEARCH_PATHS = (
					"$(inherited)",
					"@executable_path/Frameworks",
				);
				PRODUCT_BUNDLE_IDENTIFIER = CoreAnimation.CoreAnimation;
				PRODUCT_NAME = "$(TARGET_NAME)";
				TARGETED_DEVICE_FAMILY = "1,2";
			};
			name = Release;
		};
		B92F1E5B23E40A4B0054A9A6 /* Debug */ = {
			isa = XCBuildConfiguration;
			buildSettings = {
				BUNDLE_LOADER = "$(TEST_HOST)";
				CODE_SIGN_STYLE = Automatic;
				DEVELOPMENT_TEAM = Y23BAYUVWX;
				INFOPLIST_FILE = CoreAnimationTests/Info.plist;
				LD_RUNPATH_SEARCH_PATHS = (
					"$(inherited)",
					"@executable_path/Frameworks",
					"@loader_path/Frameworks",
				);
				PRODUCT_BUNDLE_IDENTIFIER = CoreAnimation.CoreAnimationTests;
				PRODUCT_NAME = "$(TARGET_NAME)";
				TARGETED_DEVICE_FAMILY = "1,2";
				TEST_HOST = "$(BUILT_PRODUCTS_DIR)/CoreAnimation.app/CoreAnimation";
			};
			name = Debug;
		};
		B92F1E5C23E40A4B0054A9A6 /* Release */ = {
			isa = XCBuildConfiguration;
			buildSettings = {
				BUNDLE_LOADER = "$(TEST_HOST)";
				CODE_SIGN_STYLE = Automatic;
				DEVELOPMENT_TEAM = Y23BAYUVWX;
				INFOPLIST_FILE = CoreAnimationTests/Info.plist;
				LD_RUNPATH_SEARCH_PATHS = (
					"$(inherited)",
					"@executable_path/Frameworks",
					"@loader_path/Frameworks",
				);
				PRODUCT_BUNDLE_IDENTIFIER = CoreAnimation.CoreAnimationTests;
				PRODUCT_NAME = "$(TARGET_NAME)";
				TARGETED_DEVICE_FAMILY = "1,2";
				TEST_HOST = "$(BUILT_PRODUCTS_DIR)/CoreAnimation.app/CoreAnimation";
			};
			name = Release;
		};
		B92F1E5E23E40A4B0054A9A6 /* Debug */ = {
			isa = XCBuildConfiguration;
			buildSettings = {
				CODE_SIGN_STYLE = Automatic;
				DEVELOPMENT_TEAM = Y23BAYUVWX;
				INFOPLIST_FILE = CoreAnimationUITests/Info.plist;
				LD_RUNPATH_SEARCH_PATHS = (
					"$(inherited)",
					"@executable_path/Frameworks",
					"@loader_path/Frameworks",
				);
				PRODUCT_BUNDLE_IDENTIFIER = CoreAnimation.CoreAnimationUITests;
				PRODUCT_NAME = "$(TARGET_NAME)";
				TARGETED_DEVICE_FAMILY = "1,2";
				TEST_TARGET_NAME = CoreAnimation;
			};
			name = Debug;
		};
		B92F1E5F23E40A4B0054A9A6 /* Release */ = {
			isa = XCBuildConfiguration;
			buildSettings = {
				CODE_SIGN_STYLE = Automatic;
				DEVELOPMENT_TEAM = Y23BAYUVWX;
				INFOPLIST_FILE = CoreAnimationUITests/Info.plist;
				LD_RUNPATH_SEARCH_PATHS = (
					"$(inherited)",
					"@executable_path/Frameworks",
					"@loader_path/Frameworks",
				);
				PRODUCT_BUNDLE_IDENTIFIER = CoreAnimation.CoreAnimationUITests;
				PRODUCT_NAME = "$(TARGET_NAME)";
				TARGETED_DEVICE_FAMILY = "1,2";
				TEST_TARGET_NAME = CoreAnimation;
			};
			name = Release;
		};
/* End XCBuildConfiguration section */

/* Begin XCConfigurationList section */
		B92F1E2623E40A490054A9A6 /* Build configuration list for PBXProject "CoreAnimation" */ = {
			isa = XCConfigurationList;
			buildConfigurations = (
				B92F1E5523E40A4B0054A9A6 /* Debug */,
				B92F1E5623E40A4B0054A9A6 /* Release */,
			);
			defaultConfigurationIsVisible = 0;
			defaultConfigurationName = Release;
		};
		B92F1E5723E40A4B0054A9A6 /* Build configuration list for PBXNativeTarget "CoreAnimation" */ = {
			isa = XCConfigurationList;
			buildConfigurations = (
				B92F1E5823E40A4B0054A9A6 /* Debug */,
				B92F1E5923E40A4B0054A9A6 /* Release */,
			);
			defaultConfigurationIsVisible = 0;
			defaultConfigurationName = Release;
		};
		B92F1E5A23E40A4B0054A9A6 /* Build configuration list for PBXNativeTarget "CoreAnimationTests" */ = {
			isa = XCConfigurationList;
			buildConfigurations = (
				B92F1E5B23E40A4B0054A9A6 /* Debug */,
				B92F1E5C23E40A4B0054A9A6 /* Release */,
			);
			defaultConfigurationIsVisible = 0;
			defaultConfigurationName = Release;
		};
		B92F1E5D23E40A4B0054A9A6 /* Build configuration list for PBXNativeTarget "CoreAnimationUITests" */ = {
			isa = XCConfigurationList;
			buildConfigurations = (
				B92F1E5E23E40A4B0054A9A6 /* Debug */,
				B92F1E5F23E40A4B0054A9A6 /* Release */,
			);
			defaultConfigurationIsVisible = 0;
			defaultConfigurationName = Release;
		};
/* End XCConfigurationList section */
	};
	rootObject = B92F1E2323E40A490054A9A6 /* Project object */;
}
