PODS:
  - AFNetworking/Serialization (3.2.1)

DEPENDENCIES:
  - AFNetworking/Serialization (= 3.2.1)

SPEC REPOS:
  https://github.com/CocoaPods/Specs.git:
    - AFNetworking

SPEC CHECKSUMS:
  AFNetworking: cb604b1c2bded0871f5f61f5d53653739e841d6b

PODFILE CHECKSUM: 02f2988ab76c5763e5861be05b661bbb88ed21c1

COCOAPODS: 1.12.0
